
Microsoft Visual Studio Solution File, Format Version 12.00
# Visual Studio Version 16
VisualStudioVersion = 16.0.31624.102
MinimumVisualStudioVersion = 10.0.40219.1
Project("{FAE04EC0-301F-11D3-BF4B-00C04F79EFBC}") = "ConsoleApp2", "ConsoleApp2\ConsoleApp2.csproj", "{9AD6A204-A04E-440C-9B88-BBEA1C6B5B59}"
EndProject
Global
	GlobalSection(SolutionConfigurationPlatforms) = preSolution
		Debug|Any CPU = Debug|Any CPU
		Release|Any CPU = Release|Any CPU
	EndGlobalSection
	GlobalSection(ProjectConfigurationPlatforms) = postSolution
		{9AD6A204-A04E-440C-9B88-BBEA1C6B5B59}.Debug|Any CPU.ActiveCfg = Debug|Any CPU
		{9AD6A204-A04E-440C-9B88-BBEA1C6B5B59}.Debug|Any CPU.Build.0 = Debug|Any CPU
		{9AD6A204-A04E-440C-9B88-BBEA1C6B5B59}.Release|Any CPU.ActiveCfg = Release|Any CPU
		{9AD6A204-A04E-440C-9B88-BBEA1C6B5B59}.Release|Any CPU.Build.0 = Release|Any CPU
	EndGlobalSection
	GlobalSection(SolutionProperties) = preSolution
		HideSolutionNode = FALSE
	EndGlobalSection
	GlobalSection(ExtensibilityGlobals) = postSolution
		SolutionGuid = {B919D9D6-ECFC-4FE7-880F-45C1EE411418}
	EndGlobalSection
EndGlobal
